PODS:
  - NextGrowingTextView (1.2.2)

DEPENDENCIES:
  - NextGrowingTextView

SPEC REPOS:
  https://github.com/cocoapods/specs.git:
    - NextGrowingTextView

SPEC CHECKSUMS:
  NextGrowingTextView: 78c8b96f7ac6dc845f5babb27dcf7c18dd3210ec

PODFILE CHECKSUM: 5d50369de61c977d1617d995dc82e4f1b64903c4

COCOAPODS: 1.5.2
